# THIS IS AN AUTOGENERATED FILE. DO NOT EDIT THIS FILE DIRECTLY.
# yarn lockfile v1


jquery-format@^1.3.1:
  version "1.3.1"
  resolved "https://registry.yarnpkg.com/jquery-format/-/jquery-format-1.3.1.tgz#a7d6b5975a0cad078ffa193f0629d9cfccf87efe"

jquery-ui-datepicker-with-i18n@^1.10.4:
  version "1.10.4"
  resolved "https://registry.yarnpkg.com/jquery-ui-datepicker-with-i18n/-/jquery-ui-datepicker-with-i18n-1.10.4.tgz#862cb5b48e4c502a513adeed0864e9234759337e"

jquery@^3.2.1:
  version "3.2.1"
  resolved "https://registry.yarnpkg.com/jquery/-/jquery-3.2.1.tgz#5c4d9de652af6cd0a770154a631bba12b015c787"
